// !$*UTF8*$!
{
	archiveVersion = 1;
	classes = {
	};
	objectVersion = 56;
	objects = {

/* Begin PBXBuildFile section */
		490559AA2B465A5000DFD4FD /* TryTCAApp.swift in Sources */ = {isa = PBXBuildFile; fileRef = 490559A92B465A5000DFD4FD /* TryTCAApp.swift */; };
		490559AE2B465A5100DFD4FD /* Assets.xcassets in Resources */ = {isa = PBXBuildFile; fileRef = 490559AD2B465A5100DFD4FD /* Assets.xcassets */; };
		490559B12B465A5100DFD4FD /* Preview Assets.xcassets in Resources */ = {isa = PBXBuildFile; fileRef = 490559B02B465A5100DFD4FD /* Preview Assets.xcassets */; };
		490559C52B465A5100DFD4FD /* TryTCAUITests.swift in Sources */ = {isa = PBXBuildFile; fileRef = 490559C42B465A5100DFD4FD /* TryTCAUITests.swift */; };
		490559C72B465A5100DFD4FD /* TryTCAUITestsLaunchTests.swift in Sources */ = {isa = PBXBuildFile; fileRef = 490559C62B465A5100DFD4FD /* TryTCAUITestsLaunchTests.swift */; };
		490559D52B465BE900DFD4FD /* ComposableArchitecture in Frameworks */ = {isa = PBXBuildFile; productRef = 490559D42B465BE900DFD4FD /* ComposableArchitecture */; };
		490559D72B465D1700DFD4FD /* CounterFeature.swift in Sources */ = {isa = PBXBuildFile; fileRef = 490559D62B465D1700DFD4FD /* CounterFeature.swift */; };
		490559DA2B46A84F00DFD4FD /* CounterFeatureTests.swift in Sources */ = {isa = PBXBuildFile; fileRef = 490559D92B46A84F00DFD4FD /* CounterFeatureTests.swift */; };
		490559DB2B46ABAF00DFD4FD /* CounterFeature.swift in Sources */ = {isa = PBXBuildFile; fileRef = 490559D62B465D1700DFD4FD /* CounterFeature.swift */; };
		4909C99A2B4CEDEC00CBD09D /* ContactsFeature.swift in Sources */ = {isa = PBXBuildFile; fileRef = 4909C9992B4CEDEC00CBD09D /* ContactsFeature.swift */; };
		4909C99C2B4CF63000CBD09D /* AddContactFeature.swift in Sources */ = {isa = PBXBuildFile; fileRef = 4909C99B2B4CF63000CBD09D /* AddContactFeature.swift */; };
		49194B8F2B47BF3A00A4DCB8 /* NumberFactClient.swift in Sources */ = {isa = PBXBuildFile; fileRef = 49194B8E2B47BF3A00A4DCB8 /* NumberFactClient.swift */; };
		49194B902B47C45800A4DCB8 /* NumberFactClient.swift in Sources */ = {isa = PBXBuildFile; fileRef = 49194B8E2B47BF3A00A4DCB8 /* NumberFactClient.swift */; };
		49194B922B47F87F00A4DCB8 /* AppFeature.swift in Sources */ = {isa = PBXBuildFile; fileRef = 49194B912B47F87F00A4DCB8 /* AppFeature.swift */; };
		49194B942B48032700A4DCB8 /* AppFeatureTests.swift in Sources */ = {isa = PBXBuildFile; fileRef = 49194B932B48032700A4DCB8 /* AppFeatureTests.swift */; };
		49194B952B4803DF00A4DCB8 /* AppFeature.swift in Sources */ = {isa = PBXBuildFile; fileRef = 49194B912B47F87F00A4DCB8 /* AppFeature.swift */; };
/* End PBXBuildFile section */

/* Begin PBXContainerItemProxy section */
		490559B72B465A5100DFD4FD /* PBXContainerItemProxy */ = {
			isa = PBXContainerItemProxy;
			containerPortal = 4905599E2B465A5000DFD4FD /* Project object */;
			proxyType = 1;
			remoteGlobalIDString = 490559A52B465A5000DFD4FD;
			remoteInfo = TryTCA;
		};
		490559C12B465A5100DFD4FD /* PBXContainerItemProxy */ = {
			isa = PBXContainerItemProxy;
			containerPortal = 4905599E2B465A5000DFD4FD /* Project object */;
			proxyType = 1;
			remoteGlobalIDString = 490559A52B465A5000DFD4FD;
			remoteInfo = TryTCA;
		};
/* End PBXContainerItemProxy section */

/* Begin PBXFileReference section */
		490559A62B465A5000DFD4FD /* TryTCA.app */ = {isa = PBXFileReference; explicitFileType = wrapper.application; includeInIndex = 0; path = TryTCA.app; sourceTree = BUILT_PRODUCTS_DIR; };
		490559A92B465A5000DFD4FD /* TryTCAApp.swift */ = {isa = PBXFileReference; lastKnownFileType = sourcecode.swift; path = TryTCAApp.swift; sourceTree = "<group>"; };
		490559AD2B465A5100DFD4FD /* Assets.xcassets */ = {isa = PBXFileReference; lastKnownFileType = folder.assetcatalog; path = Assets.xcassets; sourceTree = "<group>"; };
		490559B02B465A5100DFD4FD /* Preview Assets.xcassets */ = {isa = PBXFileReference; lastKnownFileType = folder.assetcatalog; path = "Preview Assets.xcassets"; sourceTree = "<group>"; };
		490559B62B465A5100DFD4FD /* TryTCATests.xctest */ = {isa = PBXFileReference; explicitFileType = wrapper.cfbundle; includeInIndex = 0; path = TryTCATests.xctest; sourceTree = BUILT_PRODUCTS_DIR; };
		490559C02B465A5100DFD4FD /* TryTCAUITests.xctest */ = {isa = PBXFileReference; explicitFileType = wrapper.cfbundle; includeInIndex = 0; path = TryTCAUITests.xctest; sourceTree = BUILT_PRODUCTS_DIR; };
		490559C42B465A5100DFD4FD /* TryTCAUITests.swift */ = {isa = PBXFileReference; lastKnownFileType = sourcecode.swift; path = TryTCAUITests.swift; sourceTree = "<group>"; };
		490559C62B465A5100DFD4FD /* TryTCAUITestsLaunchTests.swift */ = {isa = PBXFileReference; lastKnownFileType = sourcecode.swift; path = TryTCAUITestsLaunchTests.swift; sourceTree = "<group>"; };
		490559D62B465D1700DFD4FD /* CounterFeature.swift */ = {isa = PBXFileReference; lastKnownFileType = sourcecode.swift; path = CounterFeature.swift; sourceTree = "<group>"; };
		490559D82B46940C00DFD4FD /* Info.plist */ = {isa = PBXFileReference; lastKnownFileType = text.plist; path = Info.plist; sourceTree = "<group>"; };
		490559D92B46A84F00DFD4FD /* CounterFeatureTests.swift */ = {isa = PBXFileReference; lastKnownFileType = sourcecode.swift; path = CounterFeatureTests.swift; sourceTree = "<group>"; };
		4909C9992B4CEDEC00CBD09D /* ContactsFeature.swift */ = {isa = PBXFileReference; lastKnownFileType = sourcecode.swift; path = ContactsFeature.swift; sourceTree = "<group>"; };
		4909C99B2B4CF63000CBD09D /* AddContactFeature.swift */ = {isa = PBXFileReference; lastKnownFileType = sourcecode.swift; path = AddContactFeature.swift; sourceTree = "<group>"; };
		49194B8E2B47BF3A00A4DCB8 /* NumberFactClient.swift */ = {isa = PBXFileReference; lastKnownFileType = sourcecode.swift; path = NumberFactClient.swift; sourceTree = "<group>"; };
		49194B912B47F87F00A4DCB8 /* AppFeature.swift */ = {isa = PBXFileReference; lastKnownFileType = sourcecode.swift; path = AppFeature.swift; sourceTree = "<group>"; };
		49194B932B48032700A4DCB8 /* AppFeatureTests.swift */ = {isa = PBXFileReference; lastKnownFileType = sourcecode.swift; path = AppFeatureTests.swift; sourceTree = "<group>"; };
/* End PBXFileReference section */

/* Begin PBXFrameworksBuildPhase section */
		490559A32B465A5000DFD4FD /* Frameworks */ = {
			isa = PBXFrameworksBuildPhase;
			buildActionMask = 2147483647;
			files = (
				490559D52B465BE900DFD4FD /* ComposableArchitecture in Frameworks */,
			);
			runOnlyForDeploymentPostprocessing = 0;
		};
		490559B32B465A5100DFD4FD /* Frameworks */ = {
			isa = PBXFrameworksBuildPhase;
			buildActionMask = 2147483647;
			files = (
			);
			runOnlyForDeploymentPostprocessing = 0;
		};
		490559BD2B465A5100DFD4FD /* Frameworks */ = {
			isa = PBXFrameworksBuildPhase;
			buildActionMask = 2147483647;
			files = (
			);
			runOnlyForDeploymentPostprocessing = 0;
		};
/* End PBXFrameworksBuildPhase section */

/* Begin PBXGroup section */
		4905599D2B465A5000DFD4FD = {
			isa = PBXGroup;
			children = (
				490559A82B465A5000DFD4FD /* TryTCA */,
				490559B92B465A5100DFD4FD /* TryTCATests */,
				490559C32B465A5100DFD4FD /* TryTCAUITests */,
				490559A72B465A5000DFD4FD /* Products */,
			);
			sourceTree = "<group>";
		};
		490559A72B465A5000DFD4FD /* Products */ = {
			isa = PBXGroup;
			children = (
				490559A62B465A5000DFD4FD /* TryTCA.app */,
				490559B62B465A5100DFD4FD /* TryTCATests.xctest */,
				490559C02B465A5100DFD4FD /* TryTCAUITests.xctest */,
			);
			name = Products;
			sourceTree = "<group>";
		};
		490559A82B465A5000DFD4FD /* TryTCA */ = {
			isa = PBXGroup;
			children = (
				490559D82B46940C00DFD4FD /* Info.plist */,
				490559A92B465A5000DFD4FD /* TryTCAApp.swift */,
				49194B912B47F87F00A4DCB8 /* AppFeature.swift */,
				490559D62B465D1700DFD4FD /* CounterFeature.swift */,
				49194B8E2B47BF3A00A4DCB8 /* NumberFactClient.swift */,
				4909C9992B4CEDEC00CBD09D /* ContactsFeature.swift */,
				4909C99B2B4CF63000CBD09D /* AddContactFeature.swift */,
				490559AD2B465A5100DFD4FD /* Assets.xcassets */,
				490559AF2B465A5100DFD4FD /* Preview Content */,
			);
			path = TryTCA;
			sourceTree = "<group>";
		};
		490559AF2B465A5100DFD4FD /* Preview Content */ = {
			isa = PBXGroup;
			children = (
				490559B02B465A5100DFD4FD /* Preview Assets.xcassets */,
			);
			path = "Preview Content";
			sourceTree = "<group>";
		};
		490559B92B465A5100DFD4FD /* TryTCATests */ = {
			isa = PBXGroup;
			children = (
				490559D92B46A84F00DFD4FD /* CounterFeatureTests.swift */,
				49194B932B48032700A4DCB8 /* AppFeatureTests.swift */,
			);
			path = TryTCATests;
			sourceTree = "<group>";
		};
		490559C32B465A5100DFD4FD /* TryTCAUITests */ = {
			isa = PBXGroup;
			children = (
				490559C42B465A5100DFD4FD /* TryTCAUITests.swift */,
				490559C62B465A5100DFD4FD /* TryTCAUITestsLaunchTests.swift */,
			);
			path = TryTCAUITests;
			sourceTree = "<group>";
		};
/* End PBXGroup section */

/* Begin PBXNativeTarget section */
		490559A52B465A5000DFD4FD /* TryTCA */ = {
			isa = PBXNativeTarget;
			buildConfigurationList = 490559CA2B465A5100DFD4FD /* Build configuration list for PBXNativeTarget "TryTCA" */;
			buildPhases = (
				490559A22B465A5000DFD4FD /* Sources */,
				490559A32B465A5000DFD4FD /* Frameworks */,
				490559A42B465A5000DFD4FD /* Resources */,
			);
			buildRules = (
			);
			dependencies = (
			);
			name = TryTCA;
			packageProductDependencies = (
				490559D42B465BE900DFD4FD /* ComposableArchitecture */,
			);
			productName = TryTCA;
			productReference = 490559A62B465A5000DFD4FD /* TryTCA.app */;
			productType = "com.apple.product-type.application";
		};
		490559B52B465A5100DFD4FD /* TryTCATests */ = {
			isa = PBXNativeTarget;
			buildConfigurationList = 490559CD2B465A5100DFD4FD /* Build configuration list for PBXNativeTarget "TryTCATests" */;
			buildPhases = (
				490559B22B465A5100DFD4FD /* Sources */,
				490559B32B465A5100DFD4FD /* Frameworks */,
				490559B42B465A5100DFD4FD /* Resources */,
			);
			buildRules = (
			);
			dependencies = (
				490559B82B465A5100DFD4FD /* PBXTargetDependency */,
			);
			name = TryTCATests;
			productName = TryTCATests;
			productReference = 490559B62B465A5100DFD4FD /* TryTCATests.xctest */;
			productType = "com.apple.product-type.bundle.unit-test";
		};
		490559BF2B465A5100DFD4FD /* TryTCAUITests */ = {
			isa = PBXNativeTarget;
			buildConfigurationList = 490559D02B465A5100DFD4FD /* Build configuration list for PBXNativeTarget "TryTCAUITests" */;
			buildPhases = (
				490559BC2B465A5100DFD4FD /* Sources */,
				490559BD2B465A5100DFD4FD /* Frameworks */,
				490559BE2B465A5100DFD4FD /* Resources */,
			);
			buildRules = (
			);
			dependencies = (
				490559C22B465A5100DFD4FD /* PBXTargetDependency */,
			);
			name = TryTCAUITests;
			productName = TryTCAUITests;
			productReference = 490559C02B465A5100DFD4FD /* TryTCAUITests.xctest */;
			productType = "com.apple.product-type.bundle.ui-testing";
		};
/* End PBXNativeTarget section */

/* Begin PBXProject section */
		4905599E2B465A5000DFD4FD /* Project object */ = {
			isa = PBXProject;
			attributes = {
				BuildIndependentTargetsInParallel = 1;
				LastSwiftUpdateCheck = 1510;
				LastUpgradeCheck = 1510;
				TargetAttributes = {
					490559A52B465A5000DFD4FD = {
						CreatedOnToolsVersion = 15.1;
					};
					490559B52B465A5100DFD4FD = {
						CreatedOnToolsVersion = 15.1;
						TestTargetID = 490559A52B465A5000DFD4FD;
					};
					490559BF2B465A5100DFD4FD = {
						CreatedOnToolsVersion = 15.1;
						TestTargetID = 490559A52B465A5000DFD4FD;
					};
				};
			};
			buildConfigurationList = 490559A12B465A5000DFD4FD /* Build configuration list for PBXProject "TryTCA" */;
			compatibilityVersion = "Xcode 14.0";
			developmentRegion = en;
			hasScannedForEncodings = 0;
			knownRegions = (
				en,
				Base,
			);
			mainGroup = 4905599D2B465A5000DFD4FD;
			packageReferences = (
				490559D32B465BE900DFD4FD /* XCRemoteSwiftPackageReference "swift-composable-architecture" */,
			);
			productRefGroup = 490559A72B465A5000DFD4FD /* Products */;
			projectDirPath = "";
			projectRoot = "";
			targets = (
				490559A52B465A5000DFD4FD /* TryTCA */,
				490559B52B465A5100DFD4FD /* TryTCATests */,
				490559BF2B465A5100DFD4FD /* TryTCAUITests */,
			);
		};
/* End PBXProject section */

/* Begin PBXResourcesBuildPhase section */
		490559A42B465A5000DFD4FD /* Resources */ = {
			isa = PBXResourcesBuildPhase;
			buildActionMask = 2147483647;
			files = (
				490559B12B465A5100DFD4FD /* Preview Assets.xcassets in Resources */,
				490559AE2B465A5100DFD4FD /* Assets.xcassets in Resources */,
			);
			runOnlyForDeploymentPostprocessing = 0;
		};
		490559B42B465A5100DFD4FD /* Resources */ = {
			isa = PBXResourcesBuildPhase;
			buildActionMask = 2147483647;
			files = (
			);
			runOnlyForDeploymentPostprocessing = 0;
		};
		490559BE2B465A5100DFD4FD /* Resources */ = {
			isa = PBXResourcesBuildPhase;
			buildActionMask = 2147483647;
			files = (
			);
			runOnlyForDeploymentPostprocessing = 0;
		};
/* End PBXResourcesBuildPhase section */

/* Begin PBXSourcesBuildPhase section */
		490559A22B465A5000DFD4FD /* Sources */ = {
			isa = PBXSourcesBuildPhase;
			buildActionMask = 2147483647;
			files = (
				49194B922B47F87F00A4DCB8 /* AppFeature.swift in Sources */,
				4909C99C2B4CF63000CBD09D /* AddContactFeature.swift in Sources */,
				49194B902B47C45800A4DCB8 /* NumberFactClient.swift in Sources */,
				490559D72B465D1700DFD4FD /* CounterFeature.swift in Sources */,
				490559AA2B465A5000DFD4FD /* TryTCAApp.swift in Sources */,
				4909C99A2B4CEDEC00CBD09D /* ContactsFeature.swift in Sources */,
			);
			runOnlyForDeploymentPostprocessing = 0;
		};
		490559B22B465A5100DFD4FD /* Sources */ = {
			isa = PBXSourcesBuildPhase;
			buildActionMask = 2147483647;
			files = (
				49194B952B4803DF00A4DCB8 /* AppFeature.swift in Sources */,
				490559DB2B46ABAF00DFD4FD /* CounterFeature.swift in Sources */,
				49194B942B48032700A4DCB8 /* AppFeatureTests.swift in Sources */,
				490559DA2B46A84F00DFD4FD /* CounterFeatureTests.swift in Sources */,
				49194B8F2B47BF3A00A4DCB8 /* NumberFactClient.swift in Sources */,
			);
			runOnlyForDeploymentPostprocessing = 0;
		};
		490559BC2B465A5100DFD4FD /* Sources */ = {
			isa = PBXSourcesBuildPhase;
			buildActionMask = 2147483647;
			files = (
				490559C52B465A5100DFD4FD /* TryTCAUITests.swift in Sources */,
				490559C72B465A5100DFD4FD /* TryTCAUITestsLaunchTests.swift in Sources */,
			);
			runOnlyForDeploymentPostprocessing = 0;
		};
/* End PBXSourcesBuildPhase section */

/* Begin PBXTargetDependency section */
		490559B82B465A5100DFD4FD /* PBXTargetDependency */ = {
			isa = PBXTargetDependency;
			target = 490559A52B465A5000DFD4FD /* TryTCA */;
			targetProxy = 490559B72B465A5100DFD4FD /* PBXContainerItemProxy */;
		};
		490559C22B465A5100DFD4FD /* PBXTargetDependency */ = {
			isa = PBXTargetDependency;
			target = 490559A52B465A5000DFD4FD /* TryTCA */;
			targetProxy = 490559C12B465A5100DFD4FD /* PBXContainerItemProxy */;
		};
/* End PBXTargetDependency section */

/* Begin XCBuildConfiguration section */
		490559C82B465A5100DFD4FD /* Debug */ = {
			isa = XCBuildConfiguration;
			buildSettings = {
				ALWAYS_SEARCH_USER_PATHS = NO;
				ASSETCATALOG_COMPILER_GENERATE_SWIFT_ASSET_SYMBOL_EXTENSIONS = YES;
				CLANG_ANALYZER_NONNULL = YES;
				CLANG_ANALYZER_NUMBER_OBJECT_CONVERSION = YES_AGGRESSIVE;
				CLANG_CXX_LANGUAGE_STANDARD = "gnu++20";
				CLANG_ENABLE_MODULES = YES;
				CLANG_ENABLE_OBJC_ARC = YES;
				CLANG_ENABLE_OBJC_WEAK = YES;
				CLANG_WARN_BLOCK_CAPTURE_AUTORELEASING = YES;
				CLANG_WARN_BOOL_CONVERSION = YES;
				CLANG_WARN_COMMA = YES;
				CLANG_WARN_CONSTANT_CONVERSION = YES;
				CLANG_WARN_DEPRECATED_OBJC_IMPLEMENTATIONS = YES;
				CLANG_WARN_DIRECT_OBJC_ISA_USAGE = YES_ERROR;
				CLANG_WARN_DOCUMENTATION_COMMENTS = YES;
				CLANG_WARN_EMPTY_BODY = YES;
				CLANG_WARN_ENUM_CONVERSION = YES;
				CLANG_WARN_INFINITE_RECURSION = YES;
				CLANG_WARN_INT_CONVERSION = YES;
				CLANG_WARN_NON_LITERAL_NULL_CONVERSION = YES;
				CLANG_WARN_OBJC_IMPLICIT_RETAIN_SELF = YES;
				CLANG_WARN_OBJC_LITERAL_CONVERSION = YES;
				CLANG_WARN_OBJC_ROOT_CLASS = YES_ERROR;
				CLANG_WARN_QUOTED_INCLUDE_IN_FRAMEWORK_HEADER = YES;
				CLANG_WARN_RANGE_LOOP_ANALYSIS = YES;
				CLANG_WARN_STRICT_PROTOTYPES = YES;
				CLANG_WARN_SUSPICIOUS_MOVE = YES;
				CLANG_WARN_UNGUARDED_AVAILABILITY = YES_AGGRESSIVE;
				CLANG_WARN_UNREACHABLE_CODE = YES;
				CLANG_WARN__DUPLICATE_METHOD_MATCH = YES;
				COPY_PHASE_STRIP = NO;
				DEBUG_INFORMATION_FORMAT = dwarf;
				ENABLE_STRICT_OBJC_MSGSEND = YES;
				ENABLE_TESTABILITY = YES;
				ENABLE_USER_SCRIPT_SANDBOXING = YES;
				GCC_C_LANGUAGE_STANDARD = gnu17;
				GCC_DYNAMIC_NO_PIC = NO;
				GCC_NO_COMMON_BLOCKS = YES;
				GCC_OPTIMIZATION_LEVEL = 0;
				GCC_PREPROCESSOR_DEFINITIONS = (
					"DEBUG=1",
					"$(inherited)",
				);
				GCC_WARN_64_TO_32_BIT_CONVERSION = YES;
				GCC_WARN_ABOUT_RETURN_TYPE = YES_ERROR;
				GCC_WARN_UNDECLARED_SELECTOR = YES;
				GCC_WARN_UNINITIALIZED_AUTOS = YES_AGGRESSIVE;
				GCC_WARN_UNUSED_FUNCTION = YES;
				GCC_WARN_UNUSED_VARIABLE = YES;
				IPHONEOS_DEPLOYMENT_TARGET = 17.2;
				LOCALIZATION_PREFERS_STRING_CATALOGS = YES;
				MTL_ENABLE_DEBUG_INFO = INCLUDE_SOURCE;
				MTL_FAST_MATH = YES;
				ONLY_ACTIVE_ARCH = YES;
				SDKROOT = iphoneos;
				SWIFT_ACTIVE_COMPILATION_CONDITIONS = "DEBUG $(inherited)";
				SWIFT_OPTIMIZATION_LEVEL = "-Onone";
			};
			name = Debug;
		};
		490559C92B465A5100DFD4FD /* Release */ = {
			isa = XCBuildConfiguration;
			buildSettings = {
				ALWAYS_SEARCH_USER_PATHS = NO;
				ASSETCATALOG_COMPILER_GENERATE_SWIFT_ASSET_SYMBOL_EXTENSIONS = YES;
				CLANG_ANALYZER_NONNULL = YES;
				CLANG_ANALYZER_NUMBER_OBJECT_CONVERSION = YES_AGGRESSIVE;
				CLANG_CXX_LANGUAGE_STANDARD = "gnu++20";
				CLANG_ENABLE_MODULES = YES;
				CLANG_ENABLE_OBJC_ARC = YES;
				CLANG_ENABLE_OBJC_WEAK = YES;
				CLANG_WARN_BLOCK_CAPTURE_AUTORELEASING = YES;
				CLANG_WARN_BOOL_CONVERSION = YES;
				CLANG_WARN_COMMA = YES;
				CLANG_WARN_CONSTANT_CONVERSION = YES;
				CLANG_WARN_DEPRECATED_OBJC_IMPLEMENTATIONS = YES;
				CLANG_WARN_DIRECT_OBJC_ISA_USAGE = YES_ERROR;
				CLANG_WARN_DOCUMENTATION_COMMENTS = YES;
				CLANG_WARN_EMPTY_BODY = YES;
				CLANG_WARN_ENUM_CONVERSION = YES;
				CLANG_WARN_INFINITE_RECURSION = YES;
				CLANG_WARN_INT_CONVERSION = YES;
				CLANG_WARN_NON_LITERAL_NULL_CONVERSION = YES;
				CLANG_WARN_OBJC_IMPLICIT_RETAIN_SELF = YES;
				CLANG_WARN_OBJC_LITERAL_CONVERSION = YES;
				CLANG_WARN_OBJC_ROOT_CLASS = YES_ERROR;
				CLANG_WARN_QUOTED_INCLUDE_IN_FRAMEWORK_HEADER = YES;
				CLANG_WARN_RANGE_LOOP_ANALYSIS = YES;
				CLANG_WARN_STRICT_PROTOTYPES = YES;
				CLANG_WARN_SUSPICIOUS_MOVE = YES;
				CLANG_WARN_UNGUARDED_AVAILABILITY = YES_AGGRESSIVE;
				CLANG_WARN_UNREACHABLE_CODE = YES;
				CLANG_WARN__DUPLICATE_METHOD_MATCH = YES;
				COPY_PHASE_STRIP = NO;
				DEBUG_INFORMATION_FORMAT = "dwarf-with-dsym";
				ENABLE_NS_ASSERTIONS = NO;
				ENABLE_STRICT_OBJC_MSGSEND = YES;
				ENABLE_USER_SCRIPT_SANDBOXING = YES;
				GCC_C_LANGUAGE_STANDARD = gnu17;
				GCC_NO_COMMON_BLOCKS = YES;
				GCC_WARN_64_TO_32_BIT_CONVERSION = YES;
				GCC_WARN_ABOUT_RETURN_TYPE = YES_ERROR;
				GCC_WARN_UNDECLARED_SELECTOR = YES;
				GCC_WARN_UNINITIALIZED_AUTOS = YES_AGGRESSIVE;
				GCC_WARN_UNUSED_FUNCTION = YES;
				GCC_WARN_UNUSED_VARIABLE = YES;
				IPHONEOS_DEPLOYMENT_TARGET = 17.2;
				LOCALIZATION_PREFERS_STRING_CATALOGS = YES;
				MTL_ENABLE_DEBUG_INFO = NO;
				MTL_FAST_MATH = YES;
				SDKROOT = iphoneos;
				SWIFT_COMPILATION_MODE = wholemodule;
				VALIDATE_PRODUCT = YES;
			};
			name = Release;
		};
		490559CB2B465A5100DFD4FD /* Debug */ = {
			isa = XCBuildConfiguration;
			buildSettings = {
				ASSETCATALOG_COMPILER_APPICON_NAME = AppIcon;
				ASSETCATALOG_COMPILER_GLOBAL_ACCENT_COLOR_NAME = AccentColor;
				CODE_SIGN_STYLE = Automatic;
				CURRENT_PROJECT_VERSION = 1;
				DEVELOPMENT_ASSET_PATHS = "\"TryTCA/Preview Content\"";
				ENABLE_PREVIEWS = YES;
				GENERATE_INFOPLIST_FILE = YES;
				INFOPLIST_FILE = TryTCA/Info.plist;
				INFOPLIST_KEY_UIApplicationSceneManifest_Generation = YES;
				INFOPLIST_KEY_UIApplicationSupportsIndirectInputEvents = YES;
				INFOPLIST_KEY_UILaunchScreen_Generation = YES;
				INFOPLIST_KEY_UISupportedInterfaceOrientations = UIInterfaceOrientationPortrait;
				IPHONEOS_DEPLOYMENT_TARGET = 15.0;
				LD_RUNPATH_SEARCH_PATHS = (
					"$(inherited)",
					"@executable_path/Frameworks",
				);
				MARKETING_VERSION = 1.0;
				PRODUCT_BUNDLE_IDENTIFIER = "app.tinygram.try-tca";
				PRODUCT_NAME = "$(TARGET_NAME)";
				SWIFT_EMIT_LOC_STRINGS = YES;
				SWIFT_VERSION = 5.0;
				TARGETED_DEVICE_FAMILY = "1,2";
			};
			name = Debug;
		};
		490559CC2B465A5100DFD4FD /* Release */ = {
			isa = XCBuildConfiguration;
			buildSettings = {
				ASSETCATALOG_COMPILER_APPICON_NAME = AppIcon;
				ASSETCATALOG_COMPILER_GLOBAL_ACCENT_COLOR_NAME = AccentColor;
				CODE_SIGN_STYLE = Automatic;
				CURRENT_PROJECT_VERSION = 1;
				DEVELOPMENT_ASSET_PATHS = "\"TryTCA/Preview Content\"";
				ENABLE_PREVIEWS = YES;
				GENERATE_INFOPLIST_FILE = YES;
				INFOPLIST_FILE = TryTCA/Info.plist;
				INFOPLIST_KEY_UIApplicationSceneManifest_Generation = YES;
				INFOPLIST_KEY_UIApplicationSupportsIndirectInputEvents = YES;
				INFOPLIST_KEY_UILaunchScreen_Generation = YES;
				INFOPLIST_KEY_UISupportedInterfaceOrientations = UIInterfaceOrientationPortrait;
				IPHONEOS_DEPLOYMENT_TARGET = 15.0;
				LD_RUNPATH_SEARCH_PATHS = (
					"$(inherited)",
					"@executable_path/Frameworks",
				);
				MARKETING_VERSION = 1.0;
				PRODUCT_BUNDLE_IDENTIFIER = "app.tinygram.try-tca";
				PRODUCT_NAME = "$(TARGET_NAME)";
				SWIFT_EMIT_LOC_STRINGS = YES;
				SWIFT_VERSION = 5.0;
				TARGETED_DEVICE_FAMILY = "1,2";
			};
			name = Release;
		};
		490559CE2B465A5100DFD4FD /* Debug */ = {
			isa = XCBuildConfiguration;
			buildSettings = {
				ALWAYS_EMBED_SWIFT_STANDARD_LIBRARIES = YES;
				BUNDLE_LOADER = "$(TEST_HOST)";
				CODE_SIGN_STYLE = Automatic;
				CURRENT_PROJECT_VERSION = 1;
				GENERATE_INFOPLIST_FILE = YES;
				IPHONEOS_DEPLOYMENT_TARGET = 17.2;
				MARKETING_VERSION = 1.0;
				PRODUCT_BUNDLE_IDENTIFIER = app.tinygram.TryTCATests;
				PRODUCT_NAME = "$(TARGET_NAME)";
				SWIFT_EMIT_LOC_STRINGS = NO;
				SWIFT_VERSION = 5.0;
				TARGETED_DEVICE_FAMILY = "1,2";
				TEST_HOST = "$(BUILT_PRODUCTS_DIR)/TryTCA.app/$(BUNDLE_EXECUTABLE_FOLDER_PATH)/TryTCA";
			};
			name = Debug;
		};
		490559CF2B465A5100DFD4FD /* Release */ = {
			isa = XCBuildConfiguration;
			buildSettings = {
				ALWAYS_EMBED_SWIFT_STANDARD_LIBRARIES = YES;
				BUNDLE_LOADER = "$(TEST_HOST)";
				CODE_SIGN_STYLE = Automatic;
				CURRENT_PROJECT_VERSION = 1;
				GENERATE_INFOPLIST_FILE = YES;
				IPHONEOS_DEPLOYMENT_TARGET = 17.2;
				MARKETING_VERSION = 1.0;
				PRODUCT_BUNDLE_IDENTIFIER = app.tinygram.TryTCATests;
				PRODUCT_NAME = "$(TARGET_NAME)";
				SWIFT_EMIT_LOC_STRINGS = NO;
				SWIFT_VERSION = 5.0;
				TARGETED_DEVICE_FAMILY = "1,2";
				TEST_HOST = "$(BUILT_PRODUCTS_DIR)/TryTCA.app/$(BUNDLE_EXECUTABLE_FOLDER_PATH)/TryTCA";
			};
			name = Release;
		};
		490559D12B465A5100DFD4FD /* Debug */ = {
			isa = XCBuildConfiguration;
			buildSettings = {
				ALWAYS_EMBED_SWIFT_STANDARD_LIBRARIES = YES;
				CODE_SIGN_STYLE = Automatic;
				CURRENT_PROJECT_VERSION = 1;
				GENERATE_INFOPLIST_FILE = YES;
				MARKETING_VERSION = 1.0;
				PRODUCT_BUNDLE_IDENTIFIER = app.tinygram.TryTCAUITests;
				PRODUCT_NAME = "$(TARGET_NAME)";
				SWIFT_EMIT_LOC_STRINGS = NO;
				SWIFT_VERSION = 5.0;
				TARGETED_DEVICE_FAMILY = "1,2";
				TEST_TARGET_NAME = TryTCA;
			};
			name = Debug;
		};
		490559D22B465A5100DFD4FD /* Release */ = {
			isa = XCBuildConfiguration;
			buildSettings = {
				ALWAYS_EMBED_SWIFT_STANDARD_LIBRARIES = YES;
				CODE_SIGN_STYLE = Automatic;
				CURRENT_PROJECT_VERSION = 1;
				GENERATE_INFOPLIST_FILE = YES;
				MARKETING_VERSION = 1.0;
				PRODUCT_BUNDLE_IDENTIFIER = app.tinygram.TryTCAUITests;
				PRODUCT_NAME = "$(TARGET_NAME)";
				SWIFT_EMIT_LOC_STRINGS = NO;
				SWIFT_VERSION = 5.0;
				TARGETED_DEVICE_FAMILY = "1,2";
				TEST_TARGET_NAME = TryTCA;
			};
			name = Release;
		};
/* End XCBuildConfiguration section */

/* Begin XCConfigurationList section */
		490559A12B465A5000DFD4FD /* Build configuration list for PBXProject "TryTCA" */ = {
			isa = XCConfigurationList;
			buildConfigurations = (
				490559C82B465A5100DFD4FD /* Debug */,
				490559C92B465A5100DFD4FD /* Release */,
			);
			defaultConfigurationIsVisible = 0;
			defaultConfigurationName = Release;
		};
		490559CA2B465A5100DFD4FD /* Build configuration list for PBXNativeTarget "TryTCA" */ = {
			isa = XCConfigurationList;
			buildConfigurations = (
				490559CB2B465A5100DFD4FD /* Debug */,
				490559CC2B465A5100DFD4FD /* Release */,
			);
			defaultConfigurationIsVisible = 0;
			defaultConfigurationName = Release;
		};
		490559CD2B465A5100DFD4FD /* Build configuration list for PBXNativeTarget "TryTCATests" */ = {
			isa = XCConfigurationList;
			buildConfigurations = (
				490559CE2B465A5100DFD4FD /* Debug */,
				490559CF2B465A5100DFD4FD /* Release */,
			);
			defaultConfigurationIsVisible = 0;
			defaultConfigurationName = Release;
		};
		490559D02B465A5100DFD4FD /* Build configuration list for PBXNativeTarget "TryTCAUITests" */ = {
			isa = XCConfigurationList;
			buildConfigurations = (
				490559D12B465A5100DFD4FD /* Debug */,
				490559D22B465A5100DFD4FD /* Release */,
			);
			defaultConfigurationIsVisible = 0;
			defaultConfigurationName = Release;
		};
/* End XCConfigurationList section */

/* Begin XCRemoteSwiftPackageReference section */
		490559D32B465BE900DFD4FD /* XCRemoteSwiftPackageReference "swift-composable-architecture" */ = {
			isa = XCRemoteSwiftPackageReference;
			repositoryURL = "https://github.com/pointfreeco/swift-composable-architecture";
			requirement = {
				kind = upToNextMajorVersion;
				minimumVersion = 1.5.6;
			};
		};
/* End XCRemoteSwiftPackageReference section */

/* Begin XCSwiftPackageProductDependency section */
		490559D42B465BE900DFD4FD /* ComposableArchitecture */ = {
			isa = XCSwiftPackageProductDependency;
			package = 490559D32B465BE900DFD4FD /* XCRemoteSwiftPackageReference "swift-composable-architecture" */;
			productName = ComposableArchitecture;
		};
/* End XCSwiftPackageProductDependency section */
	};
	rootObject = 4905599E2B465A5000DFD4FD /* Project object */;
}
